
Microsoft Visual Studio Solution File, Format Version 12.00
# Visual Studio 14
VisualStudioVersion = 14.0.23107.0
MinimumVisualStudioVersion = 10.0.40219.1
Project("{2150E333-8FDC-42A3-9474-1A3956D46DE8}") = "Sites", "Sites", "{EC99D096-3BFC-4F59-A8D8-A8034D55092F}"
EndProject
Project("{2150E333-8FDC-42A3-9474-1A3956D46DE8}") = "Services", "Services", "{8F2DBDC0-AD3D-45E7-B23D-9B19D43D54E9}"
EndProject
Project("{2150E333-8FDC-42A3-9474-1A3956D46DE8}") = "Modules", "Modules", "{BC86697F-0388-4CFE-A49D-D56D04607F72}"
EndProject
Project("{FAE04EC0-301F-11D3-BF4B-00C04F79EFBC}") = "Core", "Legion.Core\Core.csproj", "{C50774FE-054F-463A-BECC-9F6162EDD83B}"
EndProject
Project("{FAE04EC0-301F-11D3-BF4B-00C04F79EFBC}") = "AESEncryptionModule", "Modules\AESEncryptionModule\AESEncryptionModule.csproj", "{646DC938-00B9-4CFC-B342-402C351166D5}"
EndProject
Project("{FAE04EC0-301F-11D3-BF4B-00C04F79EFBC}") = "ClientDetailsModule", "Modules\ClientDetailsModule\ClientDetailsModule.csproj", "{59072A0F-BBAF-4786-9592-67758FFCCA2C}"
EndProject
Project("{FAE04EC0-301F-11D3-BF4B-00C04F79EFBC}") = "EventLogLoggingModule", "Modules\EventLogLoggingModule\EventLogLoggingModule.csproj", "{B5DD9562-2E74-42EB-8035-07A1B6B4358C}"
EndProject
Project("{FAE04EC0-301F-11D3-BF4B-00C04F79EFBC}") = "Caesar", "Services\Caesar\Caesar.csproj", "{EAB53454-A498-4378-B84A-185BE3C55D55}"
EndProject
Project("{FAE04EC0-301F-11D3-BF4B-00C04F79EFBC}") = "Caesar", "Sites\Caesar\Caesar.csproj", "{4618F7C8-18B7-4290-95DB-CD5DBAD514A5}"
EndProject
Project("{FAE04EC0-301F-11D3-BF4B-00C04F79EFBC}") = "Centurion", "Sites\Centurion\Centurion.csproj", "{11F21B03-6524-4C2B-B5E7-E25478B395CF}"
EndProject
Project("{FAE04EC0-301F-11D3-BF4B-00C04F79EFBC}") = "Watcher", "Watcher\Watcher.csproj", "{E4D0C1C0-C43C-4FAC-8E64-270EDD5218CC}"
EndProject
Global
	GlobalSection(SolutionConfigurationPlatforms) = preSolution
		CI|Any CPU = CI|Any CPU
		CI|x64 = CI|x64
		CI|x86 = CI|x86
		Debug|Any CPU = Debug|Any CPU
		Debug|x64 = Debug|x64
		Debug|x86 = Debug|x86
		Release|Any CPU = Release|Any CPU
		Release|x64 = Release|x64
		Release|x86 = Release|x86
	EndGlobalSection
	GlobalSection(ProjectConfigurationPlatforms) = postSolution
		{C50774FE-054F-463A-BECC-9F6162EDD83B}.CI|Any CPU.ActiveCfg = CI|Any CPU
		{C50774FE-054F-463A-BECC-9F6162EDD83B}.CI|Any CPU.Build.0 = CI|Any CPU
		{C50774FE-054F-463A-BECC-9F6162EDD83B}.CI|x64.ActiveCfg = CI|Any CPU
		{C50774FE-054F-463A-BECC-9F6162EDD83B}.CI|x64.Build.0 = CI|Any CPU
		{C50774FE-054F-463A-BECC-9F6162EDD83B}.CI|x86.ActiveCfg = CI|Any CPU
		{C50774FE-054F-463A-BECC-9F6162EDD83B}.CI|x86.Build.0 = CI|Any CPU
		{C50774FE-054F-463A-BECC-9F6162EDD83B}.Debug|Any CPU.ActiveCfg = Debug|Any CPU
		{C50774FE-054F-463A-BECC-9F6162EDD83B}.Debug|Any CPU.Build.0 = Debug|Any CPU
		{C50774FE-054F-463A-BECC-9F6162EDD83B}.Debug|x64.ActiveCfg = Debug|Any CPU
		{C50774FE-054F-463A-BECC-9F6162EDD83B}.Debug|x64.Build.0 = Debug|Any CPU
		{C50774FE-054F-463A-BECC-9F6162EDD83B}.Debug|x86.ActiveCfg = Debug|Any CPU
		{C50774FE-054F-463A-BECC-9F6162EDD83B}.Debug|x86.Build.0 = Debug|Any CPU
		{C50774FE-054F-463A-BECC-9F6162EDD83B}.Release|Any CPU.ActiveCfg = Release|Any CPU
		{C50774FE-054F-463A-BECC-9F6162EDD83B}.Release|Any CPU.Build.0 = Release|Any CPU
		{C50774FE-054F-463A-BECC-9F6162EDD83B}.Release|x64.ActiveCfg = Release|Any CPU
		{C50774FE-054F-463A-BECC-9F6162EDD83B}.Release|x64.Build.0 = Release|Any CPU
		{C50774FE-054F-463A-BECC-9F6162EDD83B}.Release|x86.ActiveCfg = Release|Any CPU
		{C50774FE-054F-463A-BECC-9F6162EDD83B}.Release|x86.Build.0 = Release|Any CPU
		{646DC938-00B9-4CFC-B342-402C351166D5}.CI|Any CPU.ActiveCfg = Release|Any CPU
		{646DC938-00B9-4CFC-B342-402C351166D5}.CI|Any CPU.Build.0 = Release|Any CPU
		{646DC938-00B9-4CFC-B342-402C351166D5}.CI|x64.ActiveCfg = Release|Any CPU
		{646DC938-00B9-4CFC-B342-402C351166D5}.CI|x64.Build.0 = Release|Any CPU
		{646DC938-00B9-4CFC-B342-402C351166D5}.CI|x86.ActiveCfg = Release|Any CPU
		{646DC938-00B9-4CFC-B342-402C351166D5}.CI|x86.Build.0 = Release|Any CPU
		{646DC938-00B9-4CFC-B342-402C351166D5}.Debug|Any CPU.ActiveCfg = Debug|Any CPU
		{646DC938-00B9-4CFC-B342-402C351166D5}.Debug|Any CPU.Build.0 = Debug|Any CPU
		{646DC938-00B9-4CFC-B342-402C351166D5}.Debug|x64.ActiveCfg = Debug|Any CPU
		{646DC938-00B9-4CFC-B342-402C351166D5}.Debug|x64.Build.0 = Debug|Any CPU
		{646DC938-00B9-4CFC-B342-402C351166D5}.Debug|x86.ActiveCfg = Debug|Any CPU
		{646DC938-00B9-4CFC-B342-402C351166D5}.Debug|x86.Build.0 = Debug|Any CPU
		{646DC938-00B9-4CFC-B342-402C351166D5}.Release|Any CPU.ActiveCfg = Release|Any CPU
		{646DC938-00B9-4CFC-B342-402C351166D5}.Release|Any CPU.Build.0 = Release|Any CPU
		{646DC938-00B9-4CFC-B342-402C351166D5}.Release|x64.ActiveCfg = Release|Any CPU
		{646DC938-00B9-4CFC-B342-402C351166D5}.Release|x64.Build.0 = Release|Any CPU
		{646DC938-00B9-4CFC-B342-402C351166D5}.Release|x86.ActiveCfg = Release|Any CPU
		{646DC938-00B9-4CFC-B342-402C351166D5}.Release|x86.Build.0 = Release|Any CPU
		{59072A0F-BBAF-4786-9592-67758FFCCA2C}.CI|Any CPU.ActiveCfg = Release|Any CPU
		{59072A0F-BBAF-4786-9592-67758FFCCA2C}.CI|Any CPU.Build.0 = Release|Any CPU
		{59072A0F-BBAF-4786-9592-67758FFCCA2C}.CI|x64.ActiveCfg = Release|Any CPU
		{59072A0F-BBAF-4786-9592-67758FFCCA2C}.CI|x64.Build.0 = Release|Any CPU
		{59072A0F-BBAF-4786-9592-67758FFCCA2C}.CI|x86.ActiveCfg = Release|Any CPU
		{59072A0F-BBAF-4786-9592-67758FFCCA2C}.CI|x86.Build.0 = Release|Any CPU
		{59072A0F-BBAF-4786-9592-67758FFCCA2C}.Debug|Any CPU.ActiveCfg = Debug|Any CPU
		{59072A0F-BBAF-4786-9592-67758FFCCA2C}.Debug|Any CPU.Build.0 = Debug|Any CPU
		{59072A0F-BBAF-4786-9592-67758FFCCA2C}.Debug|x64.ActiveCfg = Debug|Any CPU
		{59072A0F-BBAF-4786-9592-67758FFCCA2C}.Debug|x64.Build.0 = Debug|Any CPU
		{59072A0F-BBAF-4786-9592-67758FFCCA2C}.Debug|x86.ActiveCfg = Debug|Any CPU
		{59072A0F-BBAF-4786-9592-67758FFCCA2C}.Debug|x86.Build.0 = Debug|Any CPU
		{59072A0F-BBAF-4786-9592-67758FFCCA2C}.Release|Any CPU.ActiveCfg = Release|Any CPU
		{59072A0F-BBAF-4786-9592-67758FFCCA2C}.Release|Any CPU.Build.0 = Release|Any CPU
		{59072A0F-BBAF-4786-9592-67758FFCCA2C}.Release|x64.ActiveCfg = Release|Any CPU
		{59072A0F-BBAF-4786-9592-67758FFCCA2C}.Release|x64.Build.0 = Release|Any CPU
		{59072A0F-BBAF-4786-9592-67758FFCCA2C}.Release|x86.ActiveCfg = Release|Any CPU
		{59072A0F-BBAF-4786-9592-67758FFCCA2C}.Release|x86.Build.0 = Release|Any CPU
		{B5DD9562-2E74-42EB-8035-07A1B6B4358C}.CI|Any CPU.ActiveCfg = Release|Any CPU
		{B5DD9562-2E74-42EB-8035-07A1B6B4358C}.CI|Any CPU.Build.0 = Release|Any CPU
		{B5DD9562-2E74-42EB-8035-07A1B6B4358C}.CI|x64.ActiveCfg = Release|Any CPU
		{B5DD9562-2E74-42EB-8035-07A1B6B4358C}.CI|x64.Build.0 = Release|Any CPU
		{B5DD9562-2E74-42EB-8035-07A1B6B4358C}.CI|x86.ActiveCfg = Release|Any CPU
		{B5DD9562-2E74-42EB-8035-07A1B6B4358C}.CI|x86.Build.0 = Release|Any CPU
		{B5DD9562-2E74-42EB-8035-07A1B6B4358C}.Debug|Any CPU.ActiveCfg = Debug|Any CPU
		{B5DD9562-2E74-42EB-8035-07A1B6B4358C}.Debug|Any CPU.Build.0 = Debug|Any CPU
		{B5DD9562-2E74-42EB-8035-07A1B6B4358C}.Debug|x64.ActiveCfg = Debug|Any CPU
		{B5DD9562-2E74-42EB-8035-07A1B6B4358C}.Debug|x64.Build.0 = Debug|Any CPU
		{B5DD9562-2E74-42EB-8035-07A1B6B4358C}.Debug|x86.ActiveCfg = Debug|Any CPU
		{B5DD9562-2E74-42EB-8035-07A1B6B4358C}.Debug|x86.Build.0 = Debug|Any CPU
		{B5DD9562-2E74-42EB-8035-07A1B6B4358C}.Release|Any CPU.ActiveCfg = Release|Any CPU
		{B5DD9562-2E74-42EB-8035-07A1B6B4358C}.Release|Any CPU.Build.0 = Release|Any CPU
		{B5DD9562-2E74-42EB-8035-07A1B6B4358C}.Release|x64.ActiveCfg = Release|Any CPU
		{B5DD9562-2E74-42EB-8035-07A1B6B4358C}.Release|x64.Build.0 = Release|Any CPU
		{B5DD9562-2E74-42EB-8035-07A1B6B4358C}.Release|x86.ActiveCfg = Release|Any CPU
		{B5DD9562-2E74-42EB-8035-07A1B6B4358C}.Release|x86.Build.0 = Release|Any CPU
		{EAB53454-A498-4378-B84A-185BE3C55D55}.CI|Any CPU.ActiveCfg = CI|Any CPU
		{EAB53454-A498-4378-B84A-185BE3C55D55}.CI|Any CPU.Build.0 = CI|Any CPU
		{EAB53454-A498-4378-B84A-185BE3C55D55}.CI|x64.ActiveCfg = CI|Any CPU
		{EAB53454-A498-4378-B84A-185BE3C55D55}.CI|x64.Build.0 = CI|Any CPU
		{EAB53454-A498-4378-B84A-185BE3C55D55}.CI|x86.ActiveCfg = CI|Any CPU
		{EAB53454-A498-4378-B84A-185BE3C55D55}.CI|x86.Build.0 = CI|Any CPU
		{EAB53454-A498-4378-B84A-185BE3C55D55}.Debug|Any CPU.ActiveCfg = Debug|Any CPU
		{EAB53454-A498-4378-B84A-185BE3C55D55}.Debug|Any CPU.Build.0 = Debug|Any CPU
		{EAB53454-A498-4378-B84A-185BE3C55D55}.Debug|x64.ActiveCfg = Debug|Any CPU
		{EAB53454-A498-4378-B84A-185BE3C55D55}.Debug|x64.Build.0 = Debug|Any CPU
		{EAB53454-A498-4378-B84A-185BE3C55D55}.Debug|x86.ActiveCfg = Debug|Any CPU
		{EAB53454-A498-4378-B84A-185BE3C55D55}.Debug|x86.Build.0 = Debug|Any CPU
		{EAB53454-A498-4378-B84A-185BE3C55D55}.Release|Any CPU.ActiveCfg = Release|Any CPU
		{EAB53454-A498-4378-B84A-185BE3C55D55}.Release|Any CPU.Build.0 = Release|Any CPU
		{EAB53454-A498-4378-B84A-185BE3C55D55}.Release|x64.ActiveCfg = Release|Any CPU
		{EAB53454-A498-4378-B84A-185BE3C55D55}.Release|x64.Build.0 = Release|Any CPU
		{EAB53454-A498-4378-B84A-185BE3C55D55}.Release|x86.ActiveCfg = Release|Any CPU
		{EAB53454-A498-4378-B84A-185BE3C55D55}.Release|x86.Build.0 = Release|Any CPU
		{4618F7C8-18B7-4290-95DB-CD5DBAD514A5}.CI|Any CPU.ActiveCfg = Release|Any CPU
		{4618F7C8-18B7-4290-95DB-CD5DBAD514A5}.CI|Any CPU.Build.0 = Release|Any CPU
		{4618F7C8-18B7-4290-95DB-CD5DBAD514A5}.CI|x64.ActiveCfg = Release|Any CPU
		{4618F7C8-18B7-4290-95DB-CD5DBAD514A5}.CI|x64.Build.0 = Release|Any CPU
		{4618F7C8-18B7-4290-95DB-CD5DBAD514A5}.CI|x86.ActiveCfg = Release|Any CPU
		{4618F7C8-18B7-4290-95DB-CD5DBAD514A5}.CI|x86.Build.0 = Release|Any CPU
		{4618F7C8-18B7-4290-95DB-CD5DBAD514A5}.Debug|Any CPU.ActiveCfg = Debug|Any CPU
		{4618F7C8-18B7-4290-95DB-CD5DBAD514A5}.Debug|Any CPU.Build.0 = Debug|Any CPU
		{4618F7C8-18B7-4290-95DB-CD5DBAD514A5}.Debug|x64.ActiveCfg = Debug|Any CPU
		{4618F7C8-18B7-4290-95DB-CD5DBAD514A5}.Debug|x64.Build.0 = Debug|Any CPU
		{4618F7C8-18B7-4290-95DB-CD5DBAD514A5}.Debug|x86.ActiveCfg = Debug|Any CPU
		{4618F7C8-18B7-4290-95DB-CD5DBAD514A5}.Debug|x86.Build.0 = Debug|Any CPU
		{4618F7C8-18B7-4290-95DB-CD5DBAD514A5}.Release|Any CPU.ActiveCfg = Release|Any CPU
		{4618F7C8-18B7-4290-95DB-CD5DBAD514A5}.Release|Any CPU.Build.0 = Release|Any CPU
		{4618F7C8-18B7-4290-95DB-CD5DBAD514A5}.Release|x64.ActiveCfg = Release|Any CPU
		{4618F7C8-18B7-4290-95DB-CD5DBAD514A5}.Release|x64.Build.0 = Release|Any CPU
		{4618F7C8-18B7-4290-95DB-CD5DBAD514A5}.Release|x86.ActiveCfg = Release|Any CPU
		{4618F7C8-18B7-4290-95DB-CD5DBAD514A5}.Release|x86.Build.0 = Release|Any CPU
		{11F21B03-6524-4C2B-B5E7-E25478B395CF}.CI|Any CPU.ActiveCfg = CI|Any CPU
		{11F21B03-6524-4C2B-B5E7-E25478B395CF}.CI|Any CPU.Build.0 = CI|Any CPU
		{11F21B03-6524-4C2B-B5E7-E25478B395CF}.CI|x64.ActiveCfg = CI|Any CPU
		{11F21B03-6524-4C2B-B5E7-E25478B395CF}.CI|x64.Build.0 = CI|Any CPU
		{11F21B03-6524-4C2B-B5E7-E25478B395CF}.CI|x86.ActiveCfg = CI|Any CPU
		{11F21B03-6524-4C2B-B5E7-E25478B395CF}.CI|x86.Build.0 = CI|Any CPU
		{11F21B03-6524-4C2B-B5E7-E25478B395CF}.Debug|Any CPU.ActiveCfg = Debug|Any CPU
		{11F21B03-6524-4C2B-B5E7-E25478B395CF}.Debug|Any CPU.Build.0 = Debug|Any CPU
		{11F21B03-6524-4C2B-B5E7-E25478B395CF}.Debug|x64.ActiveCfg = Debug|Any CPU
		{11F21B03-6524-4C2B-B5E7-E25478B395CF}.Debug|x64.Build.0 = Debug|Any CPU
		{11F21B03-6524-4C2B-B5E7-E25478B395CF}.Debug|x86.ActiveCfg = Debug|Any CPU
		{11F21B03-6524-4C2B-B5E7-E25478B395CF}.Debug|x86.Build.0 = Debug|Any CPU
		{11F21B03-6524-4C2B-B5E7-E25478B395CF}.Release|Any CPU.ActiveCfg = Release|Any CPU
		{11F21B03-6524-4C2B-B5E7-E25478B395CF}.Release|Any CPU.Build.0 = Release|Any CPU
		{11F21B03-6524-4C2B-B5E7-E25478B395CF}.Release|x64.ActiveCfg = Release|Any CPU
		{11F21B03-6524-4C2B-B5E7-E25478B395CF}.Release|x64.Build.0 = Release|Any CPU
		{11F21B03-6524-4C2B-B5E7-E25478B395CF}.Release|x86.ActiveCfg = Release|Any CPU
		{11F21B03-6524-4C2B-B5E7-E25478B395CF}.Release|x86.Build.0 = Release|Any CPU
		{E4D0C1C0-C43C-4FAC-8E64-270EDD5218CC}.CI|Any CPU.ActiveCfg = CI|x86
		{E4D0C1C0-C43C-4FAC-8E64-270EDD5218CC}.CI|x64.ActiveCfg = CI|x64
		{E4D0C1C0-C43C-4FAC-8E64-270EDD5218CC}.CI|x64.Build.0 = CI|x64
		{E4D0C1C0-C43C-4FAC-8E64-270EDD5218CC}.CI|x86.ActiveCfg = CI|x86
		{E4D0C1C0-C43C-4FAC-8E64-270EDD5218CC}.CI|x86.Build.0 = CI|x86
		{E4D0C1C0-C43C-4FAC-8E64-270EDD5218CC}.Debug|Any CPU.ActiveCfg = Debug|x86
		{E4D0C1C0-C43C-4FAC-8E64-270EDD5218CC}.Debug|x64.ActiveCfg = Debug|x64
		{E4D0C1C0-C43C-4FAC-8E64-270EDD5218CC}.Debug|x64.Build.0 = Debug|x64
		{E4D0C1C0-C43C-4FAC-8E64-270EDD5218CC}.Debug|x86.ActiveCfg = Debug|x86
		{E4D0C1C0-C43C-4FAC-8E64-270EDD5218CC}.Debug|x86.Build.0 = Debug|x86
		{E4D0C1C0-C43C-4FAC-8E64-270EDD5218CC}.Release|Any CPU.ActiveCfg = Release|x86
		{E4D0C1C0-C43C-4FAC-8E64-270EDD5218CC}.Release|x64.ActiveCfg = Release|x64
		{E4D0C1C0-C43C-4FAC-8E64-270EDD5218CC}.Release|x64.Build.0 = Release|x64
		{E4D0C1C0-C43C-4FAC-8E64-270EDD5218CC}.Release|x86.ActiveCfg = Release|x86
		{E4D0C1C0-C43C-4FAC-8E64-270EDD5218CC}.Release|x86.Build.0 = Release|x86
	EndGlobalSection
	GlobalSection(SolutionProperties) = preSolution
		HideSolutionNode = FALSE
	EndGlobalSection
	GlobalSection(NestedProjects) = preSolution
		{646DC938-00B9-4CFC-B342-402C351166D5} = {BC86697F-0388-4CFE-A49D-D56D04607F72}
		{59072A0F-BBAF-4786-9592-67758FFCCA2C} = {BC86697F-0388-4CFE-A49D-D56D04607F72}
		{B5DD9562-2E74-42EB-8035-07A1B6B4358C} = {BC86697F-0388-4CFE-A49D-D56D04607F72}
		{EAB53454-A498-4378-B84A-185BE3C55D55} = {8F2DBDC0-AD3D-45E7-B23D-9B19D43D54E9}
		{4618F7C8-18B7-4290-95DB-CD5DBAD514A5} = {EC99D096-3BFC-4F59-A8D8-A8034D55092F}
		{11F21B03-6524-4C2B-B5E7-E25478B395CF} = {EC99D096-3BFC-4F59-A8D8-A8034D55092F}
	EndGlobalSection
EndGlobal
